
Microsoft Visual Studio Solution File, Format Version 12.00
# Visual Studio 15
VisualStudioVersion = 15.0.27703.2042
MinimumVisualStudioVersion = 10.0.40219.1
Project("{FAE04EC0-301F-11D3-BF4B-00C04F79EFBC}") = "FuncionarioApp", "src\FuncionarioApp\FuncionarioApp.csproj", "{A177B6F9-7E10-4309-9230-86AE8366437F}"
EndProject
Global
	GlobalSection(SolutionConfigurationPlatforms) = preSolution
		Debug|Any CPU = Debug|Any CPU
		Release|Any CPU = Release|Any CPU
	EndGlobalSection
	GlobalSection(ProjectConfigurationPlatforms) = postSolution
		{A177B6F9-7E10-4309-9230-86AE8366437F}.Debug|Any CPU.ActiveCfg = Debug|Any CPU
		{A177B6F9-7E10-4309-9230-86AE8366437F}.Debug|Any CPU.Build.0 = Debug|Any CPU
		{A177B6F9-7E10-4309-9230-86AE8366437F}.Release|Any CPU.ActiveCfg = Release|Any CPU
		{A177B6F9-7E10-4309-9230-86AE8366437F}.Release|Any CPU.Build.0 = Release|Any CPU
	EndGlobalSection
	GlobalSection(SolutionProperties) = preSolution
		HideSolutionNode = FALSE
	EndGlobalSection
	GlobalSection(ExtensibilityGlobals) = postSolution
		SolutionGuid = {0C7FB5AF-7584-44A9-9F76-6A06DE48CDC7}
	EndGlobalSection
EndGlobal
